
Microsoft Visual Studio Solution File, Format Version 12.00
# Visual Studio Version 17
VisualStudioVersion = 17.10.35013.160
MinimumVisualStudioVersion = 10.0.40219.1
Project("{FAE04EC0-301F-11D3-BF4B-00C04F79EFBC}") = "CPW - 219 eCommerceSite", "CPW - 219 eCommerceSite\CPW - 219 eCommerceSite.csproj", "{DD8E08A1-2CEF-4580-A270-8652A89F3048}"
EndProject
Global
	GlobalSection(SolutionConfigurationPlatforms) = preSolution
		Debug|Any CPU = Debug|Any CPU
		Release|Any CPU = Release|Any CPU
	EndGlobalSection
	GlobalSection(ProjectConfigurationPlatforms) = postSolution
		{DD8E08A1-2CEF-4580-A270-8652A89F3048}.Debug|Any CPU.ActiveCfg = Debug|Any CPU
		{DD8E08A1-2CEF-4580-A270-8652A89F3048}.Debug|Any CPU.Build.0 = Debug|Any CPU
		{DD8E08A1-2CEF-4580-A270-8652A89F3048}.Release|Any CPU.ActiveCfg = Release|Any CPU
		{DD8E08A1-2CEF-4580-A270-8652A89F3048}.Release|Any CPU.Build.0 = Release|Any CPU
	EndGlobalSection
	GlobalSection(SolutionProperties) = preSolution
		HideSolutionNode = FALSE
	EndGlobalSection
	GlobalSection(ExtensibilityGlobals) = postSolution
		SolutionGuid = {C44A8E4F-4F3A-4A29-87CF-8BB761A31305}
	EndGlobalSection
EndGlobal
